
Microsoft Visual Studio Solution File, Format Version 12.00
# Visual Studio Version 16
VisualStudioVersion = 16.0.29326.143
MinimumVisualStudioVersion = 10.0.40219.1
Project("{FAE04EC0-301F-11D3-BF4B-00C04F79EFBC}") = "QuickBuy.Dominio", "QuickBuy.Dominio\QuickBuy.Dominio.csproj", "{3649C532-174C-4199-A5B4-9EC90EE4F2CD}"
EndProject
Project("{FAE04EC0-301F-11D3-BF4B-00C04F79EFBC}") = "QuickBuy.Repository", "QuickBuy.Repository\QuickBuy.Repository.csproj", "{6CDFCFB6-0871-491F-AD76-7E4ED27769C0}"
EndProject
Project("{FAE04EC0-301F-11D3-BF4B-00C04F79EFBC}") = "QuickBuy.Web", "QuickBuy.Web\QuickBuy.Web.csproj", "{7C0AD110-0ED1-4553-AA48-32955A360517}"
EndProject
Global
	GlobalSection(SolutionConfigurationPlatforms) = preSolution
		Debug|Any CPU = Debug|Any CPU
		Release|Any CPU = Release|Any CPU
	EndGlobalSection
	GlobalSection(ProjectConfigurationPlatforms) = postSolution
		{3649C532-174C-4199-A5B4-9EC90EE4F2CD}.Debug|Any CPU.ActiveCfg = Debug|Any CPU
		{3649C532-174C-4199-A5B4-9EC90EE4F2CD}.Debug|Any CPU.Build.0 = Debug|Any CPU
		{3649C532-174C-4199-A5B4-9EC90EE4F2CD}.Release|Any CPU.ActiveCfg = Release|Any CPU
		{3649C532-174C-4199-A5B4-9EC90EE4F2CD}.Release|Any CPU.Build.0 = Release|Any CPU
		{6CDFCFB6-0871-491F-AD76-7E4ED27769C0}.Debug|Any CPU.ActiveCfg = Debug|Any CPU
		{6CDFCFB6-0871-491F-AD76-7E4ED27769C0}.Debug|Any CPU.Build.0 = Debug|Any CPU
		{6CDFCFB6-0871-491F-AD76-7E4ED27769C0}.Release|Any CPU.ActiveCfg = Release|Any CPU
		{6CDFCFB6-0871-491F-AD76-7E4ED27769C0}.Release|Any CPU.Build.0 = Release|Any CPU
		{7C0AD110-0ED1-4553-AA48-32955A360517}.Debug|Any CPU.ActiveCfg = Debug|Any CPU
		{7C0AD110-0ED1-4553-AA48-32955A360517}.Debug|Any CPU.Build.0 = Debug|Any CPU
		{7C0AD110-0ED1-4553-AA48-32955A360517}.Release|Any CPU.ActiveCfg = Release|Any CPU
		{7C0AD110-0ED1-4553-AA48-32955A360517}.Release|Any CPU.Build.0 = Release|Any CPU
	EndGlobalSection
	GlobalSection(SolutionProperties) = preSolution
		HideSolutionNode = FALSE
	EndGlobalSection
	GlobalSection(ExtensibilityGlobals) = postSolution
		SolutionGuid = {F6F8A5ED-2653-4834-8BB2-598FFAF8F32D}
	EndGlobalSection
EndGlobal
